
Microsoft Visual Studio Solution File, Format Version 12.00
# Visual Studio Version 17
VisualStudioVersion = 17.0.31903.59
MinimumVisualStudioVersion = 10.0.40219.1
Project("{FAE04EC0-301F-11D3-BF4B-00C04F79EFBC}") = "SalesAnalytics.Core", "SalesAnalytics.Core\SalesAnalytics.Core.csproj", "{2629249B-FBF2-4522-B64D-FF3CE785DCB9}"
EndProject
Project("{FAE04EC0-301F-11D3-BF4B-00C04F79EFBC}") = "SalesAnalytics.Infrastructure", "SalesAnalytics.Infrastructure\SalesAnalytics.Infrastructure.csproj", "{D53C448F-FB00-43C3-AC08-274E939A1268}"
EndProject
Project("{FAE04EC0-301F-11D3-BF4B-00C04F79EFBC}") = "SalesAnalytics.API", "SalesAnalytics.API\SalesAnalytics.API.csproj", "{C9CD282D-949E-4F36-82A4-1CDD9CB77E1B}"
EndProject
Global
	GlobalSection(SolutionConfigurationPlatforms) = preSolution
		Debug|Any CPU = Debug|Any CPU
		Debug|x64 = Debug|x64
		Debug|x86 = Debug|x86
		Release|Any CPU = Release|Any CPU
		Release|x64 = Release|x64
		Release|x86 = Release|x86
	EndGlobalSection
	GlobalSection(ProjectConfigurationPlatforms) = postSolution
		{2629249B-FBF2-4522-B64D-FF3CE785DCB9}.Debug|Any CPU.ActiveCfg = Debug|Any CPU
		{2629249B-FBF2-4522-B64D-FF3CE785DCB9}.Debug|Any CPU.Build.0 = Debug|Any CPU
		{2629249B-FBF2-4522-B64D-FF3CE785DCB9}.Debug|x64.ActiveCfg = Debug|Any CPU
		{2629249B-FBF2-4522-B64D-FF3CE785DCB9}.Debug|x64.Build.0 = Debug|Any CPU
		{2629249B-FBF2-4522-B64D-FF3CE785DCB9}.Debug|x86.ActiveCfg = Debug|Any CPU
		{2629249B-FBF2-4522-B64D-FF3CE785DCB9}.Debug|x86.Build.0 = Debug|Any CPU
		{2629249B-FBF2-4522-B64D-FF3CE785DCB9}.Release|Any CPU.ActiveCfg = Release|Any CPU
		{2629249B-FBF2-4522-B64D-FF3CE785DCB9}.Release|Any CPU.Build.0 = Release|Any CPU
		{2629249B-FBF2-4522-B64D-FF3CE785DCB9}.Release|x64.ActiveCfg = Release|Any CPU
		{2629249B-FBF2-4522-B64D-FF3CE785DCB9}.Release|x64.Build.0 = Release|Any CPU
		{2629249B-FBF2-4522-B64D-FF3CE785DCB9}.Release|x86.ActiveCfg = Release|Any CPU
		{2629249B-FBF2-4522-B64D-FF3CE785DCB9}.Release|x86.Build.0 = Release|Any CPU
		{D53C448F-FB00-43C3-AC08-274E939A1268}.Debug|Any CPU.ActiveCfg = Debug|Any CPU
		{D53C448F-FB00-43C3-AC08-274E939A1268}.Debug|Any CPU.Build.0 = Debug|Any CPU
		{D53C448F-FB00-43C3-AC08-274E939A1268}.Debug|x64.ActiveCfg = Debug|Any CPU
		{D53C448F-FB00-43C3-AC08-274E939A1268}.Debug|x64.Build.0 = Debug|Any CPU
		{D53C448F-FB00-43C3-AC08-274E939A1268}.Debug|x86.ActiveCfg = Debug|Any CPU
		{D53C448F-FB00-43C3-AC08-274E939A1268}.Debug|x86.Build.0 = Debug|Any CPU
		{D53C448F-FB00-43C3-AC08-274E939A1268}.Release|Any CPU.ActiveCfg = Release|Any CPU
		{D53C448F-FB00-43C3-AC08-274E939A1268}.Release|Any CPU.Build.0 = Release|Any CPU
		{D53C448F-FB00-43C3-AC08-274E939A1268}.Release|x64.ActiveCfg = Release|Any CPU
		{D53C448F-FB00-43C3-AC08-274E939A1268}.Release|x64.Build.0 = Release|Any CPU
		{D53C448F-FB00-43C3-AC08-274E939A1268}.Release|x86.ActiveCfg = Release|Any CPU
		{D53C448F-FB00-43C3-AC08-274E939A1268}.Release|x86.Build.0 = Release|Any CPU
		{C9CD282D-949E-4F36-82A4-1CDD9CB77E1B}.Debug|Any CPU.ActiveCfg = Debug|Any CPU
		{C9CD282D-949E-4F36-82A4-1CDD9CB77E1B}.Debug|Any CPU.Build.0 = Debug|Any CPU
		{C9CD282D-949E-4F36-82A4-1CDD9CB77E1B}.Debug|x64.ActiveCfg = Debug|Any CPU
		{C9CD282D-949E-4F36-82A4-1CDD9CB77E1B}.Debug|x64.Build.0 = Debug|Any CPU
		{C9CD282D-949E-4F36-82A4-1CDD9CB77E1B}.Debug|x86.ActiveCfg = Debug|Any CPU
		{C9CD282D-949E-4F36-82A4-1CDD9CB77E1B}.Debug|x86.Build.0 = Debug|Any CPU
		{C9CD282D-949E-4F36-82A4-1CDD9CB77E1B}.Release|Any CPU.ActiveCfg = Release|Any CPU
		{C9CD282D-949E-4F36-82A4-1CDD9CB77E1B}.Release|Any CPU.Build.0 = Release|Any CPU
		{C9CD282D-949E-4F36-82A4-1CDD9CB77E1B}.Release|x64.ActiveCfg = Release|Any CPU
		{C9CD282D-949E-4F36-82A4-1CDD9CB77E1B}.Release|x64.Build.0 = Release|Any CPU
		{C9CD282D-949E-4F36-82A4-1CDD9CB77E1B}.Release|x86.ActiveCfg = Release|Any CPU
		{C9CD282D-949E-4F36-82A4-1CDD9CB77E1B}.Release|x86.Build.0 = Release|Any CPU
	EndGlobalSection
	GlobalSection(SolutionProperties) = preSolution
		HideSolutionNode = FALSE
	EndGlobalSection
EndGlobal
